
Microsoft Visual Studio Solution File, Format Version 11.00
# Visual Basic Express 2010
Project("{F184B08F-C81C-45F6-A57F-5ABD9991F28F}") = "Multi-Clip2", "Multi-Clip2\Multi-Clip2.vbproj", "{801B9876-1F3F-417B-B3F3-FAF5DDD57F18}"
EndProject
Global
	GlobalSection(SolutionConfigurationPlatforms) = preSolution
		Debug|x86 = Debug|x86
		Release|x86 = Release|x86
	EndGlobalSection
	GlobalSection(ProjectConfigurationPlatforms) = postSolution
		{801B9876-1F3F-417B-B3F3-FAF5DDD57F18}.Debug|x86.ActiveCfg = Debug|x86
		{801B9876-1F3F-417B-B3F3-FAF5DDD57F18}.Debug|x86.Build.0 = Debug|x86
		{801B9876-1F3F-417B-B3F3-FAF5DDD57F18}.Release|x86.ActiveCfg = Release|x86
		{801B9876-1F3F-417B-B3F3-FAF5DDD57F18}.Release|x86.Build.0 = Release|x86
	EndGlobalSection
	GlobalSection(SolutionProperties) = preSolution
		HideSolutionNode = FALSE
	EndGlobalSection
EndGlobal
